
Microsoft Visual Studio Solution File, Format Version 10.00
# Visual Studio 2008
Project("{FAE04EC0-301F-11D3-BF4B-00C04F79EFBC}") = "SubSonic Defect Tests", "SubSonic Defect Tests.csproj", "{30C17815-0D1D-498D-ABFE-0DD0431369A6}"
EndProject
Global
	GlobalSection(SolutionConfigurationPlatforms) = preSolution
		Debug|Any CPU = Debug|Any CPU
		Release|Any CPU = Release|Any CPU
	EndGlobalSection
	GlobalSection(ProjectConfigurationPlatforms) = postSolution
		{30C17815-0D1D-498D-ABFE-0DD0431369A6}.Debug|Any CPU.ActiveCfg = Debug|Any CPU
		{30C17815-0D1D-498D-ABFE-0DD0431369A6}.Debug|Any CPU.Build.0 = Debug|Any CPU
		{30C17815-0D1D-498D-ABFE-0DD0431369A6}.Release|Any CPU.ActiveCfg = Release|Any CPU
		{30C17815-0D1D-498D-ABFE-0DD0431369A6}.Release|Any CPU.Build.0 = Release|Any CPU
	EndGlobalSection
	GlobalSection(SolutionProperties) = preSolution
		HideSolutionNode = FALSE
	EndGlobalSection
EndGlobal
